
Microsoft Visual Studio Solution File, Format Version 12.00
# Visual Studio 15
VisualStudioVersion = 15.0.26730.12
MinimumVisualStudioVersion = 10.0.40219.1
Project("{FAE04EC0-301F-11D3-BF4B-00C04F79EFBC}") = "ValueEditorTool", "ValueEditorTool\ValueEditorTool.csproj", "{85118993-3232-4FEA-8ED7-388134D5D651}"
EndProject
Global
	GlobalSection(SolutionConfigurationPlatforms) = preSolution
		Debug|Any CPU = Debug|Any CPU
		Release|Any CPU = Release|Any CPU
	EndGlobalSection
	GlobalSection(ProjectConfigurationPlatforms) = postSolution
		{85118993-3232-4FEA-8ED7-388134D5D651}.Debug|Any CPU.ActiveCfg = Debug|Any CPU
		{85118993-3232-4FEA-8ED7-388134D5D651}.Debug|Any CPU.Build.0 = Debug|Any CPU
		{85118993-3232-4FEA-8ED7-388134D5D651}.Release|Any CPU.ActiveCfg = Release|Any CPU
		{85118993-3232-4FEA-8ED7-388134D5D651}.Release|Any CPU.Build.0 = Release|Any CPU
	EndGlobalSection
	GlobalSection(SolutionProperties) = preSolution
		HideSolutionNode = FALSE
	EndGlobalSection
	GlobalSection(ExtensibilityGlobals) = postSolution
		SolutionGuid = {8A2F99FA-4880-4A16-908F-BAF984876D2B}
	EndGlobalSection
EndGlobal
